
Microsoft Visual Studio Solution File, Format Version 12.00
Project("{FAE04EC0-301F-11D3-BF4B-00C04F79EFBC}") = "net7-aot", "net7-aot\net7-aot.csproj", "{0BC361C2-06D7-427D-BEE3-91B1FD8FD962}"
EndProject
Global
	GlobalSection(SolutionConfigurationPlatforms) = preSolution
		Debug|Any CPU = Debug|Any CPU
		Release|Any CPU = Release|Any CPU
	EndGlobalSection
	GlobalSection(ProjectConfigurationPlatforms) = postSolution
		{0BC361C2-06D7-427D-BEE3-91B1FD8FD962}.Debug|Any CPU.ActiveCfg = Debug|Any CPU
		{0BC361C2-06D7-427D-BEE3-91B1FD8FD962}.Debug|Any CPU.Build.0 = Debug|Any CPU
		{0BC361C2-06D7-427D-BEE3-91B1FD8FD962}.Release|Any CPU.ActiveCfg = Release|Any CPU
		{0BC361C2-06D7-427D-BEE3-91B1FD8FD962}.Release|Any CPU.Build.0 = Release|Any CPU
	EndGlobalSection
EndGlobal
